{
  "name": "clarity",
  "version": "1.0.0",
  "lockfileVersion": 3,
  "requires": true,
  "packages": {
    "": {
      "name": "clarity",
      "version": "1.0.0",
      "dependencies": {
        "expo": "~57.0.0",
        "expo-background-fetch": "~57.0.0",
        "expo-blur": "~15.0.0",
        "expo-clipboard": "~8.0.0",
        "expo-constants": "~18.0.0",
        "expo-crypto": "~57.0.0",
        "expo-haptics": "~15.0.0",
        "expo-image": "~3.0.0",
        "expo-image-picker": "~17.0.0",
        "expo-linear-gradient": "~15.0.0",
        "expo-linking": "~8.0.0",
        "expo-router": "~5.0.0",
        "expo-secure-store": "~15.0.0",
        "expo-splash-screen": "~0.29.0",
        "expo-sqlite": "~57.0.0",
        "expo-status-bar": "~3.0.0",
        "expo-task-manager": "~13.0.0",
        "expo-web-browser": "~15.0.0",
        "lucide-react-native": "^0.460.0",
        "react": "19.0.0",
        "react-dom": "19.0.0",
        "react-native": "0.79.2",
        "react-native-gesture-handler": "~2.24.0",
        "react-native-reanimated": "~3.18.0",
        "react-native-safe-area-context": "~5.4.0",
        "react-native-screens": "~4.10.0",
        "react-native-svg": "~15.11.0",
        "react-native-web": "~0.20.0",
        "zustand": "^5.0.0"
      },
      "devDependencies": {
        "@types/react": "~19.0.0",
        "typescript": "~5.8.0"
      }
    }
  }
}